
Microsoft Visual Studio Solution File, Format Version 12.00
# Visual Studio Version 17
VisualStudioVersion = 17.5.002.0
MinimumVisualStudioVersion = 10.0.40219.1
Project("{9A19103F-16F7-4668-BE54-9A1E7A4F7556}") = "crud", "crud.csproj", "{A082B5B0-1537-4A64-A541-692DE2392832}"
EndProject
Global
	GlobalSection(SolutionConfigurationPlatforms) = preSolution
		Debug|Any CPU = Debug|Any CPU
		Release|Any CPU = Release|Any CPU
	EndGlobalSection
	GlobalSection(ProjectConfigurationPlatforms) = postSolution
		{A082B5B0-1537-4A64-A541-692DE2392832}.Debug|Any CPU.ActiveCfg = Debug|Any CPU
		{A082B5B0-1537-4A64-A541-692DE2392832}.Debug|Any CPU.Build.0 = Debug|Any CPU
		{A082B5B0-1537-4A64-A541-692DE2392832}.Release|Any CPU.ActiveCfg = Release|Any CPU
		{A082B5B0-1537-4A64-A541-692DE2392832}.Release|Any CPU.Build.0 = Release|Any CPU
	EndGlobalSection
	GlobalSection(SolutionProperties) = preSolution
		HideSolutionNode = FALSE
	EndGlobalSection
	GlobalSection(ExtensibilityGlobals) = postSolution
		SolutionGuid = {8C35597D-9D25-4DED-A4D9-AB9C9316DC6E}
	EndGlobalSection
EndGlobal
